
Microsoft Visual Studio Solution File, Format Version 12.00
# Visual Studio Version 16
VisualStudioVersion = 16.0.30204.135
MinimumVisualStudioVersion = 15.0.26124.0
Project("{9A19103F-16F7-4668-BE54-9A1E7A4F7556}") = "Identity.Api", "Identity.Api\Identity.Api.csproj", "{7DB9C85C-566D-4666-90C7-E45D0A5534BA}"
EndProject
Project("{9A19103F-16F7-4668-BE54-9A1E7A4F7556}") = "Identity.Test", "Identity.Test\Identity.Test.csproj", "{54BA266F-C809-484A-A2E0-6066573E5DAA}"
EndProject
Project("{9A19103F-16F7-4668-BE54-9A1E7A4F7556}") = "Identity.Model", "Identity.Model\Identity.Model.csproj", "{2ED5F7AE-3CEE-4421-A663-7BF81DD075B9}"
EndProject
Global
	GlobalSection(SolutionConfigurationPlatforms) = preSolution
		Debug|Any CPU = Debug|Any CPU
		Debug|x64 = Debug|x64
		Debug|x86 = Debug|x86
		Release|Any CPU = Release|Any CPU
		Release|x64 = Release|x64
		Release|x86 = Release|x86
	EndGlobalSection
	GlobalSection(ProjectConfigurationPlatforms) = postSolution
		{7DB9C85C-566D-4666-90C7-E45D0A5534BA}.Debug|Any CPU.ActiveCfg = Debug|Any CPU
		{7DB9C85C-566D-4666-90C7-E45D0A5534BA}.Debug|Any CPU.Build.0 = Debug|Any CPU
		{7DB9C85C-566D-4666-90C7-E45D0A5534BA}.Debug|x64.ActiveCfg = Debug|Any CPU
		{7DB9C85C-566D-4666-90C7-E45D0A5534BA}.Debug|x64.Build.0 = Debug|Any CPU
		{7DB9C85C-566D-4666-90C7-E45D0A5534BA}.Debug|x86.ActiveCfg = Debug|Any CPU
		{7DB9C85C-566D-4666-90C7-E45D0A5534BA}.Debug|x86.Build.0 = Debug|Any CPU
		{7DB9C85C-566D-4666-90C7-E45D0A5534BA}.Release|Any CPU.ActiveCfg = Release|Any CPU
		{7DB9C85C-566D-4666-90C7-E45D0A5534BA}.Release|Any CPU.Build.0 = Release|Any CPU
		{7DB9C85C-566D-4666-90C7-E45D0A5534BA}.Release|x64.ActiveCfg = Release|Any CPU
		{7DB9C85C-566D-4666-90C7-E45D0A5534BA}.Release|x64.Build.0 = Release|Any CPU
		{7DB9C85C-566D-4666-90C7-E45D0A5534BA}.Release|x86.ActiveCfg = Release|Any CPU
		{7DB9C85C-566D-4666-90C7-E45D0A5534BA}.Release|x86.Build.0 = Release|Any CPU
		{54BA266F-C809-484A-A2E0-6066573E5DAA}.Debug|Any CPU.ActiveCfg = Debug|Any CPU
		{54BA266F-C809-484A-A2E0-6066573E5DAA}.Debug|Any CPU.Build.0 = Debug|Any CPU
		{54BA266F-C809-484A-A2E0-6066573E5DAA}.Debug|x64.ActiveCfg = Debug|Any CPU
		{54BA266F-C809-484A-A2E0-6066573E5DAA}.Debug|x64.Build.0 = Debug|Any CPU
		{54BA266F-C809-484A-A2E0-6066573E5DAA}.Debug|x86.ActiveCfg = Debug|Any CPU
		{54BA266F-C809-484A-A2E0-6066573E5DAA}.Debug|x86.Build.0 = Debug|Any CPU
		{54BA266F-C809-484A-A2E0-6066573E5DAA}.Release|Any CPU.ActiveCfg = Release|Any CPU
		{54BA266F-C809-484A-A2E0-6066573E5DAA}.Release|Any CPU.Build.0 = Release|Any CPU
		{54BA266F-C809-484A-A2E0-6066573E5DAA}.Release|x64.ActiveCfg = Release|Any CPU
		{54BA266F-C809-484A-A2E0-6066573E5DAA}.Release|x64.Build.0 = Release|Any CPU
		{54BA266F-C809-484A-A2E0-6066573E5DAA}.Release|x86.ActiveCfg = Release|Any CPU
		{54BA266F-C809-484A-A2E0-6066573E5DAA}.Release|x86.Build.0 = Release|Any CPU
		{2ED5F7AE-3CEE-4421-A663-7BF81DD075B9}.Debug|Any CPU.ActiveCfg = Debug|Any CPU
		{2ED5F7AE-3CEE-4421-A663-7BF81DD075B9}.Debug|Any CPU.Build.0 = Debug|Any CPU
		{2ED5F7AE-3CEE-4421-A663-7BF81DD075B9}.Debug|x64.ActiveCfg = Debug|Any CPU
		{2ED5F7AE-3CEE-4421-A663-7BF81DD075B9}.Debug|x64.Build.0 = Debug|Any CPU
		{2ED5F7AE-3CEE-4421-A663-7BF81DD075B9}.Debug|x86.ActiveCfg = Debug|Any CPU
		{2ED5F7AE-3CEE-4421-A663-7BF81DD075B9}.Debug|x86.Build.0 = Debug|Any CPU
		{2ED5F7AE-3CEE-4421-A663-7BF81DD075B9}.Release|Any CPU.ActiveCfg = Release|Any CPU
		{2ED5F7AE-3CEE-4421-A663-7BF81DD075B9}.Release|Any CPU.Build.0 = Release|Any CPU
		{2ED5F7AE-3CEE-4421-A663-7BF81DD075B9}.Release|x64.ActiveCfg = Release|Any CPU
		{2ED5F7AE-3CEE-4421-A663-7BF81DD075B9}.Release|x64.Build.0 = Release|Any CPU
		{2ED5F7AE-3CEE-4421-A663-7BF81DD075B9}.Release|x86.ActiveCfg = Release|Any CPU
		{2ED5F7AE-3CEE-4421-A663-7BF81DD075B9}.Release|x86.Build.0 = Release|Any CPU
	EndGlobalSection
	GlobalSection(SolutionProperties) = preSolution
		HideSolutionNode = FALSE
	EndGlobalSection
	GlobalSection(ExtensibilityGlobals) = postSolution
		SolutionGuid = {56322370-93E9-484F-8D16-A4FCE6DE5565}
	EndGlobalSection
EndGlobal
